<Solution>
  <Folder Name="/src/">
    <Project Path="src/SynergySwitch.Api/SynergySwitch.Api.csproj" />
    <Project Path="src/SynergySwitch.Core/SynergySwitch.Core.csproj" />
    <Project Path="src/SynergySwitch.Data/SynergySwitch.Data.csproj" />
    <Project Path="src/SynergySwitch.Migrator/SynergySwitch.Migrator.csproj" />
  </Folder>
  <Folder Name="/tests/">
    <Project Path="tests/SynergySwitch.Tests/SynergySwitch.Tests.csproj" />
  </Folder>
</Solution>
